
Microsoft Visual Studio Solution File, Format Version 12.00
# Visual Studio Version 16
VisualStudioVersion = 16.0.31729.503
MinimumVisualStudioVersion = 10.0.40219.1
Project("{FAE04EC0-301F-11D3-BF4B-00C04F79EFBC}") = "FaceDetector", "FaceDetector.csproj", "{DAD29933-4F96-491B-8235-4762B00D9CA4}"
EndProject
Global
	GlobalSection(SolutionConfigurationPlatforms) = preSolution
		Debug|Any CPU = Debug|Any CPU
		Release|Any CPU = Release|Any CPU
	EndGlobalSection
	GlobalSection(ProjectConfigurationPlatforms) = postSolution
		{DAD29933-4F96-491B-8235-4762B00D9CA4}.Debug|Any CPU.ActiveCfg = Debug|Any CPU
		{DAD29933-4F96-491B-8235-4762B00D9CA4}.Debug|Any CPU.Build.0 = Debug|Any CPU
		{DAD29933-4F96-491B-8235-4762B00D9CA4}.Release|Any CPU.ActiveCfg = Release|Any CPU
		{DAD29933-4F96-491B-8235-4762B00D9CA4}.Release|Any CPU.Build.0 = Release|Any CPU
	EndGlobalSection
	GlobalSection(SolutionProperties) = preSolution
		HideSolutionNode = FALSE
	EndGlobalSection
	GlobalSection(ExtensibilityGlobals) = postSolution
		SolutionGuid = {265787FC-87DF-4068-80C2-B13D2DC6160E}
	EndGlobalSection
EndGlobal
